
Microsoft Visual Studio Solution File, Format Version 12.00
# Visual Studio Version 16
VisualStudioVersion = 16.0.32413.511
MinimumVisualStudioVersion = 10.0.40219.1
Project("{9A19103F-16F7-4668-BE54-9A1E7A4F7556}") = "Api", "Backend\Api.csproj", "{A6851C32-962A-4090-914C-BBE944586E1A}"
EndProject
Global
	GlobalSection(SolutionConfigurationPlatforms) = preSolution
		Debug|Any CPU = Debug|Any CPU
		Release|Any CPU = Release|Any CPU
	EndGlobalSection
	GlobalSection(ProjectConfigurationPlatforms) = postSolution
		{A6851C32-962A-4090-914C-BBE944586E1A}.Debug|Any CPU.ActiveCfg = Debug|Any CPU
		{A6851C32-962A-4090-914C-BBE944586E1A}.Debug|Any CPU.Build.0 = Debug|Any CPU
		{A6851C32-962A-4090-914C-BBE944586E1A}.Release|Any CPU.ActiveCfg = Release|Any CPU
		{A6851C32-962A-4090-914C-BBE944586E1A}.Release|Any CPU.Build.0 = Release|Any CPU
	EndGlobalSection
	GlobalSection(SolutionProperties) = preSolution
		HideSolutionNode = FALSE
	EndGlobalSection
	GlobalSection(ExtensibilityGlobals) = postSolution
		SolutionGuid = {89BB3BD7-82EA-4026-8DC8-FA4E0461D9DD}
	EndGlobalSection
EndGlobal
